
Microsoft Visual Studio Solution File, Format Version 12.00
# Visual Studio 15
VisualStudioVersion = 15.0.27130.2010
MinimumVisualStudioVersion = 10.0.40219.1
Project("{FAE04EC0-301F-11D3-BF4B-00C04F79EFBC}") = "WhenToDig.Android", "WhenToDig\WhenToDig.Android\WhenToDig.Android.csproj", "{6EC8D01B-A3D6-4C25-85AF-D24AC4B04B1E}"
EndProject
Project("{FAE04EC0-301F-11D3-BF4B-00C04F79EFBC}") = "WhenToDig.iOS", "WhenToDig\WhenToDig.iOS\WhenToDig.iOS.csproj", "{598822EA-7275-4A76-9498-7950E5ABB267}"
EndProject
Project("{FAE04EC0-301F-11D3-BF4B-00C04F79EFBC}") = "WhenToDig", "WhenToDig\WhenToDig\WhenToDig.csproj", "{21D14B5F-AC7A-4EBD-81C0-B8EE10456221}"
EndProject
Global
	GlobalSection(SolutionConfigurationPlatforms) = preSolution
		Ad-Hoc|Any CPU = Ad-Hoc|Any CPU
		Ad-Hoc|iPhone = Ad-Hoc|iPhone
		Ad-Hoc|iPhoneSimulator = Ad-Hoc|iPhoneSimulator
		AppStore|Any CPU = AppStore|Any CPU
		AppStore|iPhone = AppStore|iPhone
		AppStore|iPhoneSimulator = AppStore|iPhoneSimulator
		Debug|Any CPU = Debug|Any CPU
		Debug|iPhone = Debug|iPhone
		Debug|iPhoneSimulator = Debug|iPhoneSimulator
		Release|Any CPU = Release|Any CPU
		Release|iPhone = Release|iPhone
		Release|iPhoneSimulator = Release|iPhoneSimulator
	EndGlobalSection
	GlobalSection(ProjectConfigurationPlatforms) = postSolution
		{6EC8D01B-A3D6-4C25-85AF-D24AC4B04B1E}.Ad-Hoc|Any CPU.ActiveCfg = Release|Any CPU
		{6EC8D01B-A3D6-4C25-85AF-D24AC4B04B1E}.Ad-Hoc|Any CPU.Build.0 = Release|Any CPU
		{6EC8D01B-A3D6-4C25-85AF-D24AC4B04B1E}.Ad-Hoc|Any CPU.Deploy.0 = Release|Any CPU
		{6EC8D01B-A3D6-4C25-85AF-D24AC4B04B1E}.Ad-Hoc|iPhone.ActiveCfg = Release|Any CPU
		{6EC8D01B-A3D6-4C25-85AF-D24AC4B04B1E}.Ad-Hoc|iPhone.Build.0 = Release|Any CPU
		{6EC8D01B-A3D6-4C25-85AF-D24AC4B04B1E}.Ad-Hoc|iPhone.Deploy.0 = Release|Any CPU
		{6EC8D01B-A3D6-4C25-85AF-D24AC4B04B1E}.Ad-Hoc|iPhoneSimulator.ActiveCfg = Release|Any CPU
		{6EC8D01B-A3D6-4C25-85AF-D24AC4B04B1E}.Ad-Hoc|iPhoneSimulator.Build.0 = Release|Any CPU
		{6EC8D01B-A3D6-4C25-85AF-D24AC4B04B1E}.Ad-Hoc|iPhoneSimulator.Deploy.0 = Release|Any CPU
		{6EC8D01B-A3D6-4C25-85AF-D24AC4B04B1E}.AppStore|Any CPU.ActiveCfg = Release|Any CPU
		{6EC8D01B-A3D6-4C25-85AF-D24AC4B04B1E}.AppStore|Any CPU.Build.0 = Release|Any CPU
		{6EC8D01B-A3D6-4C25-85AF-D24AC4B04B1E}.AppStore|Any CPU.Deploy.0 = Release|Any CPU
		{6EC8D01B-A3D6-4C25-85AF-D24AC4B04B1E}.AppStore|iPhone.ActiveCfg = Release|Any CPU
		{6EC8D01B-A3D6-4C25-85AF-D24AC4B04B1E}.AppStore|iPhone.Build.0 = Release|Any CPU
		{6EC8D01B-A3D6-4C25-85AF-D24AC4B04B1E}.AppStore|iPhone.Deploy.0 = Release|Any CPU
		{6EC8D01B-A3D6-4C25-85AF-D24AC4B04B1E}.AppStore|iPhoneSimulator.ActiveCfg = Release|Any CPU
		{6EC8D01B-A3D6-4C25-85AF-D24AC4B04B1E}.AppStore|iPhoneSimulator.Build.0 = Release|Any CPU
		{6EC8D01B-A3D6-4C25-85AF-D24AC4B04B1E}.AppStore|iPhoneSimulator.Deploy.0 = Release|Any CPU
		{6EC8D01B-A3D6-4C25-85AF-D24AC4B04B1E}.Debug|Any CPU.ActiveCfg = Debug|Any CPU
		{6EC8D01B-A3D6-4C25-85AF-D24AC4B04B1E}.Debug|Any CPU.Build.0 = Debug|Any CPU
		{6EC8D01B-A3D6-4C25-85AF-D24AC4B04B1E}.Debug|Any CPU.Deploy.0 = Debug|Any CPU
		{6EC8D01B-A3D6-4C25-85AF-D24AC4B04B1E}.Debug|iPhone.ActiveCfg = Debug|Any CPU
		{6EC8D01B-A3D6-4C25-85AF-D24AC4B04B1E}.Debug|iPhone.Build.0 = Debug|Any CPU
		{6EC8D01B-A3D6-4C25-85AF-D24AC4B04B1E}.Debug|iPhone.Deploy.0 = Debug|Any CPU
		{6EC8D01B-A3D6-4C25-85AF-D24AC4B04B1E}.Debug|iPhoneSimulator.ActiveCfg = Debug|Any CPU
		{6EC8D01B-A3D6-4C25-85AF-D24AC4B04B1E}.Debug|iPhoneSimulator.Build.0 = Debug|Any CPU
		{6EC8D01B-A3D6-4C25-85AF-D24AC4B04B1E}.Debug|iPhoneSimulator.Deploy.0 = Debug|Any CPU
		{6EC8D01B-A3D6-4C25-85AF-D24AC4B04B1E}.Release|Any CPU.ActiveCfg = Release|Any CPU
		{6EC8D01B-A3D6-4C25-85AF-D24AC4B04B1E}.Release|Any CPU.Build.0 = Release|Any CPU
		{6EC8D01B-A3D6-4C25-85AF-D24AC4B04B1E}.Release|Any CPU.Deploy.0 = Release|Any CPU
		{6EC8D01B-A3D6-4C25-85AF-D24AC4B04B1E}.Release|iPhone.ActiveCfg = Release|Any CPU
		{6EC8D01B-A3D6-4C25-85AF-D24AC4B04B1E}.Release|iPhone.Build.0 = Release|Any CPU
		{6EC8D01B-A3D6-4C25-85AF-D24AC4B04B1E}.Release|iPhone.Deploy.0 = Release|Any CPU
		{6EC8D01B-A3D6-4C25-85AF-D24AC4B04B1E}.Release|iPhoneSimulator.ActiveCfg = Release|Any CPU
		{6EC8D01B-A3D6-4C25-85AF-D24AC4B04B1E}.Release|iPhoneSimulator.Build.0 = Release|Any CPU
		{6EC8D01B-A3D6-4C25-85AF-D24AC4B04B1E}.Release|iPhoneSimulator.Deploy.0 = Release|Any CPU
		{598822EA-7275-4A76-9498-7950E5ABB267}.Ad-Hoc|Any CPU.ActiveCfg = Ad-Hoc|iPhone
		{598822EA-7275-4A76-9498-7950E5ABB267}.Ad-Hoc|iPhone.ActiveCfg = Ad-Hoc|iPhone
		{598822EA-7275-4A76-9498-7950E5ABB267}.Ad-Hoc|iPhone.Build.0 = Ad-Hoc|iPhone
		{598822EA-7275-4A76-9498-7950E5ABB267}.Ad-Hoc|iPhoneSimulator.ActiveCfg = Ad-Hoc|iPhoneSimulator
		{598822EA-7275-4A76-9498-7950E5ABB267}.Ad-Hoc|iPhoneSimulator.Build.0 = Ad-Hoc|iPhoneSimulator
		{598822EA-7275-4A76-9498-7950E5ABB267}.AppStore|Any CPU.ActiveCfg = AppStore|iPhone
		{598822EA-7275-4A76-9498-7950E5ABB267}.AppStore|iPhone.ActiveCfg = AppStore|iPhone
		{598822EA-7275-4A76-9498-7950E5ABB267}.AppStore|iPhone.Build.0 = AppStore|iPhone
		{598822EA-7275-4A76-9498-7950E5ABB267}.AppStore|iPhoneSimulator.ActiveCfg = AppStore|iPhoneSimulator
		{598822EA-7275-4A76-9498-7950E5ABB267}.AppStore|iPhoneSimulator.Build.0 = AppStore|iPhoneSimulator
		{598822EA-7275-4A76-9498-7950E5ABB267}.Debug|Any CPU.ActiveCfg = Debug|iPhone
		{598822EA-7275-4A76-9498-7950E5ABB267}.Debug|iPhone.ActiveCfg = Debug|iPhone
		{598822EA-7275-4A76-9498-7950E5ABB267}.Debug|iPhone.Build.0 = Debug|iPhone
		{598822EA-7275-4A76-9498-7950E5ABB267}.Debug|iPhoneSimulator.ActiveCfg = Debug|iPhoneSimulator
		{598822EA-7275-4A76-9498-7950E5ABB267}.Debug|iPhoneSimulator.Build.0 = Debug|iPhoneSimulator
		{598822EA-7275-4A76-9498-7950E5ABB267}.Release|Any CPU.ActiveCfg = Release|iPhone
		{598822EA-7275-4A76-9498-7950E5ABB267}.Release|iPhone.ActiveCfg = Release|iPhone
		{598822EA-7275-4A76-9498-7950E5ABB267}.Release|iPhone.Build.0 = Release|iPhone
		{598822EA-7275-4A76-9498-7950E5ABB267}.Release|iPhoneSimulator.ActiveCfg = Release|iPhoneSimulator
		{598822EA-7275-4A76-9498-7950E5ABB267}.Release|iPhoneSimulator.Build.0 = Release|iPhoneSimulator
		{21D14B5F-AC7A-4EBD-81C0-B8EE10456221}.Ad-Hoc|Any CPU.ActiveCfg = Debug|Any CPU
		{21D14B5F-AC7A-4EBD-81C0-B8EE10456221}.Ad-Hoc|Any CPU.Build.0 = Debug|Any CPU
		{21D14B5F-AC7A-4EBD-81C0-B8EE10456221}.Ad-Hoc|iPhone.ActiveCfg = Debug|Any CPU
		{21D14B5F-AC7A-4EBD-81C0-B8EE10456221}.Ad-Hoc|iPhone.Build.0 = Debug|Any CPU
		{21D14B5F-AC7A-4EBD-81C0-B8EE10456221}.Ad-Hoc|iPhoneSimulator.ActiveCfg = Debug|Any CPU
		{21D14B5F-AC7A-4EBD-81C0-B8EE10456221}.Ad-Hoc|iPhoneSimulator.Build.0 = Debug|Any CPU
		{21D14B5F-AC7A-4EBD-81C0-B8EE10456221}.AppStore|Any CPU.ActiveCfg = Debug|Any CPU
		{21D14B5F-AC7A-4EBD-81C0-B8EE10456221}.AppStore|Any CPU.Build.0 = Debug|Any CPU
		{21D14B5F-AC7A-4EBD-81C0-B8EE10456221}.AppStore|iPhone.ActiveCfg = Debug|Any CPU
		{21D14B5F-AC7A-4EBD-81C0-B8EE10456221}.AppStore|iPhone.Build.0 = Debug|Any CPU
		{21D14B5F-AC7A-4EBD-81C0-B8EE10456221}.AppStore|iPhoneSimulator.ActiveCfg = Debug|Any CPU
		{21D14B5F-AC7A-4EBD-81C0-B8EE10456221}.AppStore|iPhoneSimulator.Build.0 = Debug|Any CPU
		{21D14B5F-AC7A-4EBD-81C0-B8EE10456221}.Debug|Any CPU.ActiveCfg = Debug|Any CPU
		{21D14B5F-AC7A-4EBD-81C0-B8EE10456221}.Debug|Any CPU.Build.0 = Debug|Any CPU
		{21D14B5F-AC7A-4EBD-81C0-B8EE10456221}.Debug|iPhone.ActiveCfg = Debug|Any CPU
		{21D14B5F-AC7A-4EBD-81C0-B8EE10456221}.Debug|iPhone.Build.0 = Debug|Any CPU
		{21D14B5F-AC7A-4EBD-81C0-B8EE10456221}.Debug|iPhoneSimulator.ActiveCfg = Debug|Any CPU
		{21D14B5F-AC7A-4EBD-81C0-B8EE10456221}.Debug|iPhoneSimulator.Build.0 = Debug|Any CPU
		{21D14B5F-AC7A-4EBD-81C0-B8EE10456221}.Release|Any CPU.ActiveCfg = Release|Any CPU
		{21D14B5F-AC7A-4EBD-81C0-B8EE10456221}.Release|Any CPU.Build.0 = Release|Any CPU
		{21D14B5F-AC7A-4EBD-81C0-B8EE10456221}.Release|iPhone.ActiveCfg = Release|Any CPU
		{21D14B5F-AC7A-4EBD-81C0-B8EE10456221}.Release|iPhone.Build.0 = Release|Any CPU
		{21D14B5F-AC7A-4EBD-81C0-B8EE10456221}.Release|iPhoneSimulator.ActiveCfg = Release|Any CPU
		{21D14B5F-AC7A-4EBD-81C0-B8EE10456221}.Release|iPhoneSimulator.Build.0 = Release|Any CPU
	EndGlobalSection
	GlobalSection(SolutionProperties) = preSolution
		HideSolutionNode = FALSE
	EndGlobalSection
	GlobalSection(ExtensibilityGlobals) = postSolution
		SolutionGuid = {B1A9DBCE-5DA5-4C21-A8B8-3BCE4D52CF25}
	EndGlobalSection
EndGlobal
